
Microsoft Visual Studio Solution File, Format Version 12.00
# Visual Studio 14
VisualStudioVersion = 14.0.23107.0
MinimumVisualStudioVersion = 10.0.40219.1
Project("{FAE04EC0-301F-11D3-BF4B-00C04F79EFBC}") = "MvcInlämningsuppgift2", "MvcInlämningsuppgift2\MvcInlämningsuppgift2.csproj", "{FAC54E7C-6F77-423A-AF8D-590517319401}"
EndProject
Global
	GlobalSection(SolutionConfigurationPlatforms) = preSolution
		Debug|Any CPU = Debug|Any CPU
		Release|Any CPU = Release|Any CPU
	EndGlobalSection
	GlobalSection(ProjectConfigurationPlatforms) = postSolution
		{FAC54E7C-6F77-423A-AF8D-590517319401}.Debug|Any CPU.ActiveCfg = Debug|Any CPU
		{FAC54E7C-6F77-423A-AF8D-590517319401}.Debug|Any CPU.Build.0 = Debug|Any CPU
		{FAC54E7C-6F77-423A-AF8D-590517319401}.Release|Any CPU.ActiveCfg = Release|Any CPU
		{FAC54E7C-6F77-423A-AF8D-590517319401}.Release|Any CPU.Build.0 = Release|Any CPU
	EndGlobalSection
	GlobalSection(SolutionProperties) = preSolution
		HideSolutionNode = FALSE
	EndGlobalSection
EndGlobal
